
Microsoft Visual Studio Solution File, Format Version 12.00
# Visual Studio Version 17
VisualStudioVersion = 17.14.36511.14 d17.14
MinimumVisualStudioVersion = 10.0.40219.1
Project("{FAE04EC0-301F-11D3-BF4B-00C04F79EFBC}") = "NameNCrew", "NameNCrew\NameNCrew.csproj", "{464E34A7-AE76-499E-92EF-34B0BBC7EEEE}"
EndProject
Global
	GlobalSection(SolutionConfigurationPlatforms) = preSolution
		Debug|Any CPU = Debug|Any CPU
		Release|Any CPU = Release|Any CPU
	EndGlobalSection
	GlobalSection(ProjectConfigurationPlatforms) = postSolution
		{464E34A7-AE76-499E-92EF-34B0BBC7EEEE}.Debug|Any CPU.ActiveCfg = Debug|Any CPU
		{464E34A7-AE76-499E-92EF-34B0BBC7EEEE}.Debug|Any CPU.Build.0 = Debug|Any CPU
		{464E34A7-AE76-499E-92EF-34B0BBC7EEEE}.Release|Any CPU.ActiveCfg = Release|Any CPU
		{464E34A7-AE76-499E-92EF-34B0BBC7EEEE}.Release|Any CPU.Build.0 = Release|Any CPU
	EndGlobalSection
	GlobalSection(SolutionProperties) = preSolution
		HideSolutionNode = FALSE
	EndGlobalSection
	GlobalSection(ExtensibilityGlobals) = postSolution
		SolutionGuid = {4ADE1775-EB0F-446D-ADEF-97C096A54233}
	EndGlobalSection
EndGlobal
